
Microsoft Visual Studio Solution File, Format Version 12.00
# Visual Studio Version 17
VisualStudioVersion = 17.12.35707.178 d17.12
MinimumVisualStudioVersion = 10.0.40219.1
Project("{FAE04EC0-301F-11D3-BF4B-00C04F79EFBC}") = "SDL_Sample", "SDL_Sample.csproj", "{BF86CF69-8ACB-4BC9-91F9-4B4A2C0FCFAC}"
EndProject
Global
	GlobalSection(SolutionConfigurationPlatforms) = preSolution
		Debug|Any CPU = Debug|Any CPU
		Release|Any CPU = Release|Any CPU
	EndGlobalSection
	GlobalSection(ProjectConfigurationPlatforms) = postSolution
		{BF86CF69-8ACB-4BC9-91F9-4B4A2C0FCFAC}.Debug|Any CPU.ActiveCfg = Debug|Any CPU
		{BF86CF69-8ACB-4BC9-91F9-4B4A2C0FCFAC}.Debug|Any CPU.Build.0 = Debug|Any CPU
		{BF86CF69-8ACB-4BC9-91F9-4B4A2C0FCFAC}.Release|Any CPU.ActiveCfg = Release|Any CPU
		{BF86CF69-8ACB-4BC9-91F9-4B4A2C0FCFAC}.Release|Any CPU.Build.0 = Release|Any CPU
	EndGlobalSection
	GlobalSection(SolutionProperties) = preSolution
		HideSolutionNode = FALSE
	EndGlobalSection
EndGlobal
